<?xml version="1.0" encoding="utf-8"?>
<Project ToolsVersion="4.0" xmlns="http://schemas.microsoft.com/developer/msbuild/2003">
  <ItemGroup>
    <Filter Include="Source Files">
      <UniqueIdentifier>{4FC737F1-C7A5-4376-A066-2A32D752A2FF}</UniqueIdentifier>
      <Extensions>cpp;c;cc;cxx;c++;cppm;ixx;def;odl;idl;hpj;bat;asm;asmx</Extensions>
    </Filter>
    <Filter Include="Resource Files">
      <UniqueIdentifier>{67DA6AB6-F800-4c08-8B7A-83BB121AAD01}</UniqueIdentifier>
      <Extensions>rc;ico;cur;bmp;dlg;rc2;rct;bin;rgs;gif;jpg;jpeg;jpe;resx;tiff;tif;png;wav;mfcribbon-ms</Extensions>
    </Filter>
    <Filter Include="Source Files\Components">
      <UniqueIdentifier>{e24a967a-3593-4288-84de-a509956f29ce}</UniqueIdentifier>
    </Filter>
    <Filter Include="Source Files\Commands">
      <UniqueIdentifier>{71103466-7ffd-44d6-b71a-30fcf313c785}</UniqueIdentifier>
    </Filter>
    <Filter Include="Source Files\States">
      <UniqueIdentifier>{005806b6-e3e5-4533-8c90-08fea4f85723}</UniqueIdentifier>
    </Filter>
    <Filter Include="Source Files\States\PlayerSate">
      <UniqueIdentifier>{84410032-39d3-44fe-a4af-b475992556bd}</UniqueIdentifier>
    </Filter>
    <Filter Include="Source Files\States\EnemyState">
      <UniqueIdentifier>{e78ed3ec-fff1-4ebb-ba54-9cf97ffaca8a}</UniqueIdentifier>
    </Filter>
    <Filter Include="Source Files\States\EnemyState\MaitaStates">
      <UniqueIdentifier>{863a93a2-4d2b-4e39-9d74-1145c51b220f}</UniqueIdentifier>
    </Filter>
    <Filter Include="Source Files\States\EnemyState\ZenChanStates">
      <UniqueIdentifier>{2d1e63ea-8c62-4a38-98e0-0e7a68e5329a}</UniqueIdentifier>
    </Filter>
  </ItemGroup>
  <ItemGroup>
    <ClCompile Include="Main.cpp">
      <Filter>Source Files</Filter>
    </ClCompile>
    <ClCompile Include="Achievements.cpp">
      <Filter>Source Files</Filter>
    </ClCompile>
    <ClCompile Include="Game.cpp">
      <Filter>Source Files</Filter>
    </ClCompile>
    <ClCompile Include="CacheExperimentComponent.cpp">
      <Filter>Source Files\Components</Filter>
    </ClCompile>
    <ClCompile Include="FPSComponent.cpp">
      <Filter>Source Files\Components</Filter>
    </ClCompile>
    <ClCompile Include="LivesComponent.cpp">
      <Filter>Source Files\Components</Filter>
    </ClCompile>
    <ClCompile Include="LivesUIComponent.cpp">
      <Filter>Source Files\Components</Filter>
    </ClCompile>
    <ClCompile Include="ScoreUIComponent.cpp">
      <Filter>Source Files\Components</Filter>
    </ClCompile>
    <ClCompile Include="RotatorComponent.cpp">
      <Filter>Source Files\Components</Filter>
    </ClCompile>
    <ClCompile Include="PickUpComponent.cpp">
      <Filter>Source Files\Components</Filter>
    </ClCompile>
    <ClCompile Include="TrashTheCacheGameObjectsComponent.cpp">
      <Filter>Source Files\Components</Filter>
    </ClCompile>
    <ClCompile Include="TrashTheCacheIntComponent.cpp">
      <Filter>Source Files\Components</Filter>
    </ClCompile>
    <ClCompile Include="ButtonComponent.cpp">
      <Filter>Source Files\Components</Filter>
    </ClCompile>
    <ClCompile Include="ButtonHandlerComponent.cpp">
      <Filter>Source Files\Components</Filter>
    </ClCompile>
    <ClCompile Include="WallCheckingComponent.cpp">
      <Filter>Source Files\Components</Filter>
    </ClCompile>
    <ClCompile Include="FloorCheckingComponent.cpp">
      <Filter>Source Files\Components</Filter>
    </ClCompile>
    <ClCompile Include="PlayerComponent.cpp">
      <Filter>Source Files\Components</Filter>
    </ClCompile>
    <ClCompile Include="SpriteComponent.cpp">
      <Filter>Source Files\Components</Filter>
    </ClCompile>
    <ClCompile Include="EnemyComponent.cpp">
      <Filter>Source Files\Components</Filter>
    </ClCompile>
    <ClCompile Include="HitState.cpp">
      <Filter>Source Files\States\PlayerSate</Filter>
    </ClCompile>
    <ClCompile Include="IdleState.cpp">
      <Filter>Source Files\States\PlayerSate</Filter>
    </ClCompile>
    <ClCompile Include="ZenChanRunState.cpp">
      <Filter>Source Files\States\EnemyState\ZenChanStates</Filter>
    </ClCompile>
    <ClCompile Include="ZenChanFallingState.cpp">
      <Filter>Source Files\States\EnemyState\ZenChanStates</Filter>
    </ClCompile>
    <ClCompile Include="BubbleComponent.cpp">
      <Filter>Source Files\Components</Filter>
    </ClCompile>
    <ClCompile Include="MovementComponent.cpp">
      <Filter>Source Files\Components</Filter>
    </ClCompile>
    <ClCompile Include="ZenChanCaughtState.cpp">
      <Filter>Source Files\States\EnemyState\ZenChanStates</Filter>
    </ClCompile>
  </ItemGroup>
  <ItemGroup>
    <ClInclude Include="Achievements.h">
      <Filter>Source Files</Filter>
    </ClInclude>
    <ClInclude Include="Game.h">
      <Filter>Source Files</Filter>
    </ClInclude>
    <ClInclude Include="CacheExperimentComponent.h">
      <Filter>Source Files\Components</Filter>
    </ClInclude>
    <ClInclude Include="FPSComponent.h">
      <Filter>Source Files\Components</Filter>
    </ClInclude>
    <ClInclude Include="LivesComponent.h">
      <Filter>Source Files\Components</Filter>
    </ClInclude>
    <ClInclude Include="LivesUIComponent.h">
      <Filter>Source Files\Components</Filter>
    </ClInclude>
    <ClInclude Include="ScoreUIComponent.h">
      <Filter>Source Files\Components</Filter>
    </ClInclude>
    <ClInclude Include="RotatorComponent.h">
      <Filter>Source Files\Components</Filter>
    </ClInclude>
    <ClInclude Include="PickUpComponent.h">
      <Filter>Source Files\Components</Filter>
    </ClInclude>
    <ClInclude Include="Components.h">
      <Filter>Source Files\Components</Filter>
    </ClInclude>
    <ClInclude Include="TrashTheCacheGameObjectsComponent.h">
      <Filter>Source Files\Components</Filter>
    </ClInclude>
    <ClInclude Include="TrashTheCacheIntComponent.h">
      <Filter>Source Files\Components</Filter>
    </ClInclude>
    <ClInclude Include="MovementCommands.h">
      <Filter>Source Files\Commands</Filter>
    </ClInclude>
    <ClInclude Include="PickUpCommand.h">
      <Filter>Source Files\Commands</Filter>
    </ClInclude>
    <ClInclude Include="Killcommand.h">
      <Filter>Source Files\Commands</Filter>
    </ClInclude>
    <ClInclude Include="Commands.h">
      <Filter>Source Files\Commands</Filter>
    </ClInclude>
    <ClInclude Include="LoadSceneCommand.h">
      <Filter>Source Files\Commands</Filter>
    </ClInclude>
    <ClInclude Include="LevelLoader.h">
      <Filter>Source Files</Filter>
    </ClInclude>
    <ClInclude Include="ButtonComponent.h">
      <Filter>Source Files\Components</Filter>
    </ClInclude>
    <ClInclude Include="SelectButtonCommand.h">
      <Filter>Source Files\Commands</Filter>
    </ClInclude>
    <ClInclude Include="ButtonHandlerComponent.h">
      <Filter>Source Files\Components</Filter>
    </ClInclude>
    <ClInclude Include="ActivateButtonCommand.h">
      <Filter>Source Files\Commands</Filter>
    </ClInclude>
    <ClInclude Include="SetTextCommand.h">
      <Filter>Source Files\Commands</Filter>
    </ClInclude>
    <ClInclude Include="WallCheckingComponent.h">
      <Filter>Source Files\Components</Filter>
    </ClInclude>
    <ClInclude Include="FloorCheckingComponent.h">
      <Filter>Source Files\Components</Filter>
    </ClInclude>
    <ClInclude Include="PlayerComponent.h">
      <Filter>Source Files\Components</Filter>
    </ClInclude>
    <ClInclude Include="ShootCommand.h">
      <Filter>Source Files\Commands</Filter>
    </ClInclude>
    <ClInclude Include="SpriteComponent.h">
      <Filter>Source Files\Components</Filter>
    </ClInclude>
    <ClInclude Include="EnemyComponent.h">
      <Filter>Source Files\Components</Filter>
    </ClInclude>
    <ClInclude Include="FallingState.h">
      <Filter>Source Files\States\PlayerSate</Filter>
    </ClInclude>
    <ClInclude Include="HitState.h">
      <Filter>Source Files\States\PlayerSate</Filter>
    </ClInclude>
    <ClInclude Include="IdleState.h">
      <Filter>Source Files\States\PlayerSate</Filter>
    </ClInclude>
    <ClInclude Include="JumpingState.h">
      <Filter>Source Files\States\PlayerSate</Filter>
    </ClInclude>
    <ClInclude Include="PlayerState.h">
      <Filter>Source Files\States\PlayerSate</Filter>
    </ClInclude>
    <ClInclude Include="WalkingState.h">
      <Filter>Source Files\States\PlayerSate</Filter>
    </ClInclude>
    <ClInclude Include="States.h">
      <Filter>Source Files\States</Filter>
    </ClInclude>
    <ClInclude Include="EnemyState.h">
      <Filter>Source Files\States\EnemyState</Filter>
    </ClInclude>
    <ClInclude Include="MaitaRunState.h">
      <Filter>Source Files\States\EnemyState\MaitaStates</Filter>
    </ClInclude>
    <ClInclude Include="MaitaState.h">
      <Filter>Source Files\States\EnemyState\MaitaStates</Filter>
    </ClInclude>
    <ClInclude Include="ZenChanRunState.h">
      <Filter>Source Files\States\EnemyState\ZenChanStates</Filter>
    </ClInclude>
    <ClInclude Include="ZenChanState.h">
      <Filter>Source Files\States\EnemyState\ZenChanStates</Filter>
    </ClInclude>
    <ClInclude Include="ZenChanFallingState.h">
      <Filter>Source Files\States\EnemyState\ZenChanStates</Filter>
    </ClInclude>
    <ClInclude Include="ZenChanJumpState.h">
      <Filter>Source Files\States\EnemyState\ZenChanStates</Filter>
    </ClInclude>
    <ClInclude Include="BubbleComponent.h">
      <Filter>Source Files\Components</Filter>
    </ClInclude>
    <ClInclude Include="MovementComponent.h">
      <Filter>Source Files\Components</Filter>
    </ClInclude>
    <ClInclude Include="Spawners.h">
      <Filter>Source Files</Filter>
    </ClInclude>
    <ClInclude Include="CollisionTags.h">
      <Filter>Source Files</Filter>
    </ClInclude>
    <ClInclude Include="ZenChanCaughtState.h">
      <Filter>Source Files\States\EnemyState\ZenChanStates</Filter>
    </ClInclude>
    <ClInclude Include="ZenChanPoppedState.h">
      <Filter>Source Files\States\EnemyState\ZenChanStates</Filter>
    </ClInclude>
  </ItemGroup>
</Project>