<?xml version="1.0" encoding="utf-8"?>
<Project ToolsVersion="4.0" xmlns="http://schemas.microsoft.com/developer/msbuild/2003">
  <ItemGroup>
    <Filter Include="Source Files">
      <UniqueIdentifier>{4FC737F1-C7A5-4376-A066-2A32D752A2FF}</UniqueIdentifier>
      <Extensions>cpp;c;cc;cxx;c++;cppm;ixx;def;odl;idl;hpj;bat;asm;asmx</Extensions>
    </Filter>
    <Filter Include="Resource Files">
      <UniqueIdentifier>{67DA6AB6-F800-4c08-8B7A-83BB121AAD01}</UniqueIdentifier>
      <Extensions>rc;ico;cur;bmp;dlg;rc2;rct;bin;rgs;gif;jpg;jpeg;jpe;resx;tiff;tif;png;wav;mfcribbon-ms</Extensions>
    </Filter>
    <Filter Include="Source Files\Components">
      <UniqueIdentifier>{e24a967a-3593-4288-84de-a509956f29ce}</UniqueIdentifier>
    </Filter>
    <Filter Include="Source Files\Commands">
      <UniqueIdentifier>{71103466-7ffd-44d6-b71a-30fcf313c785}</UniqueIdentifier>
    </Filter>
    <Filter Include="Source Files\States">
      <UniqueIdentifier>{005806b6-e3e5-4533-8c90-08fea4f85723}</UniqueIdentifier>
    </Filter>
    <Filter Include="Source Files\States\EnemyState">
      <UniqueIdentifier>{e78ed3ec-fff1-4ebb-ba54-9cf97ffaca8a}</UniqueIdentifier>
    </Filter>
    <Filter Include="Source Files\States\EnemyState\MaitaStates">
      <UniqueIdentifier>{863a93a2-4d2b-4e39-9d74-1145c51b220f}</UniqueIdentifier>
    </Filter>
    <Filter Include="Source Files\States\EnemyState\ZenChanStates">
      <UniqueIdentifier>{2d1e63ea-8c62-4a38-98e0-0e7a68e5329a}</UniqueIdentifier>
    </Filter>
    <Filter Include="Source Files\States\PlayerState">
      <UniqueIdentifier>{84410032-39d3-44fe-a4af-b475992556bd}</UniqueIdentifier>
    </Filter>
    <Filter Include="Source Files\States\SceneState">
      <UniqueIdentifier>{3a23d762-58f0-42d5-aa07-25ef403966e1}</UniqueIdentifier>
    </Filter>
  </ItemGroup>
  <ItemGroup>
    <ClCompile Include="Main.cpp">
      <Filter>Source Files</Filter>
    </ClCompile>
    <ClCompile Include="Achievements.cpp">
      <Filter>Source Files</Filter>
    </ClCompile>
    <ClCompile Include="Game.cpp">
      <Filter>Source Files</Filter>
    </ClCompile>
    <ClCompile Include="CacheExperimentComponent.cpp">
      <Filter>Source Files\Components</Filter>
    </ClCompile>
    <ClCompile Include="FPSComponent.cpp">
      <Filter>Source Files\Components</Filter>
    </ClCompile>
    <ClCompile Include="LivesUIComponent.cpp">
      <Filter>Source Files\Components</Filter>
    </ClCompile>
    <ClCompile Include="ScoreUIComponent.cpp">
      <Filter>Source Files\Components</Filter>
    </ClCompile>
    <ClCompile Include="RotatorComponent.cpp">
      <Filter>Source Files\Components</Filter>
    </ClCompile>
    <ClCompile Include="PickUpComponent.cpp">
      <Filter>Source Files\Components</Filter>
    </ClCompile>
    <ClCompile Include="TrashTheCacheGameObjectsComponent.cpp">
      <Filter>Source Files\Components</Filter>
    </ClCompile>
    <ClCompile Include="TrashTheCacheIntComponent.cpp">
      <Filter>Source Files\Components</Filter>
    </ClCompile>
    <ClCompile Include="ButtonComponent.cpp">
      <Filter>Source Files\Components</Filter>
    </ClCompile>
    <ClCompile Include="ButtonHandlerComponent.cpp">
      <Filter>Source Files\Components</Filter>
    </ClCompile>
    <ClCompile Include="WallCheckingComponent.cpp">
      <Filter>Source Files\Components</Filter>
    </ClCompile>
    <ClCompile Include="FloorCheckingComponent.cpp">
      <Filter>Source Files\Components</Filter>
    </ClCompile>
    <ClCompile Include="PlayerComponent.cpp">
      <Filter>Source Files\Components</Filter>
    </ClCompile>
    <ClCompile Include="SpriteComponent.cpp">
      <Filter>Source Files\Components</Filter>
    </ClCompile>
    <ClCompile Include="HitState.cpp">
      <Filter>Source Files\States\PlayerState</Filter>
    </ClCompile>
    <ClCompile Include="IdleState.cpp">
      <Filter>Source Files\States\PlayerState</Filter>
    </ClCompile>
    <ClCompile Include="ZenChanRunState.cpp">
      <Filter>Source Files\States\EnemyState\ZenChanStates</Filter>
    </ClCompile>
    <ClCompile Include="ZenChanFallingState.cpp">
      <Filter>Source Files\States\EnemyState\ZenChanStates</Filter>
    </ClCompile>
    <ClCompile Include="BubbleComponent.cpp">
      <Filter>Source Files\Components</Filter>
    </ClCompile>
    <ClCompile Include="MovementComponent.cpp">
      <Filter>Source Files\Components</Filter>
    </ClCompile>
    <ClCompile Include="ZenChanCaughtState.cpp">
      <Filter>Source Files\States\EnemyState\ZenChanStates</Filter>
    </ClCompile>
    <ClCompile Include="MaitaRunState.cpp">
      <Filter>Source Files\States\EnemyState\MaitaStates</Filter>
    </ClCompile>
    <ClCompile Include="MaitaFallingState.cpp">
      <Filter>Source Files\States\EnemyState\MaitaStates</Filter>
    </ClCompile>
    <ClCompile Include="MaitaCaughtState.cpp">
      <Filter>Source Files\States\EnemyState\MaitaStates</Filter>
    </ClCompile>
    <ClCompile Include="ZenChanJumpState.cpp">
      <Filter>Source Files\States\EnemyState\ZenChanStates</Filter>
    </ClCompile>
    <ClCompile Include="MaitaAttackState.cpp">
      <Filter>Source Files\States\EnemyState\MaitaStates</Filter>
    </ClCompile>
    <ClCompile Include="MaitaJumpState.cpp">
      <Filter>Source Files\States\EnemyState\MaitaStates</Filter>
    </ClCompile>
    <ClCompile Include="MaitaPoppedState.cpp">
      <Filter>Source Files\States\EnemyState\MaitaStates</Filter>
    </ClCompile>
    <ClCompile Include="ZenChanPoppedState.cpp">
      <Filter>Source Files\States\EnemyState\ZenChanStates</Filter>
    </ClCompile>
    <ClCompile Include="ProjectileComponent.cpp">
      <Filter>Source Files\Components</Filter>
    </ClCompile>
    <ClCompile Include="TitleScreenState.cpp">
      <Filter>Source Files\States\SceneState</Filter>
    </ClCompile>
    <ClCompile Include="MainMenuState.cpp">
      <Filter>Source Files\States\SceneState</Filter>
    </ClCompile>
    <ClCompile Include="LevelState.cpp">
      <Filter>Source Files\States\SceneState</Filter>
    </ClCompile>
    <ClCompile Include="Spawners.cpp">
      <Filter>Source Files</Filter>
    </ClCompile>
    <ClCompile Include="EnemyComponent.cpp">
      <Filter>Source Files\Components</Filter>
    </ClCompile>
    <ClCompile Include="EnemyCounterComponent.cpp">
      <Filter>Source Files\Components</Filter>
    </ClCompile>
    <ClCompile Include="ScoreComponent.cpp">
      <Filter>Source Files\Components</Filter>
    </ClCompile>
    <ClCompile Include="InventoryComponent.cpp">
      <Filter>Source Files\Components</Filter>
    </ClCompile>
    <ClCompile Include="ResultsState.cpp">
      <Filter>Source Files\States\SceneState</Filter>
    </ClCompile>
    <ClCompile Include="HighScoreState.cpp">
      <Filter>Source Files\States\SceneState</Filter>
    </ClCompile>
    <ClCompile Include="HighScoreHandling.cpp">
      <Filter>Source Files</Filter>
    </ClCompile>
    <ClCompile Include="InitialsComponent.cpp">
      <Filter>Source Files\Components</Filter>
    </ClCompile>
    <ClCompile Include="HighScoreUIComponent.cpp">
      <Filter>Source Files\Components</Filter>
    </ClCompile>
    <ClCompile Include="DeathScreenState.cpp">
      <Filter>Source Files\States\SceneState</Filter>
    </ClCompile>
    <ClCompile Include="PlayerCounterComponent.cpp">
      <Filter>Source Files\Components</Filter>
    </ClCompile>
  </ItemGroup>
  <ItemGroup>
    <ClInclude Include="Achievements.h">
      <Filter>Source Files</Filter>
    </ClInclude>
    <ClInclude Include="Game.h">
      <Filter>Source Files</Filter>
    </ClInclude>
    <ClInclude Include="CacheExperimentComponent.h">
      <Filter>Source Files\Components</Filter>
    </ClInclude>
    <ClInclude Include="FPSComponent.h">
      <Filter>Source Files\Components</Filter>
    </ClInclude>
    <ClInclude Include="LivesUIComponent.h">
      <Filter>Source Files\Components</Filter>
    </ClInclude>
    <ClInclude Include="ScoreUIComponent.h">
      <Filter>Source Files\Components</Filter>
    </ClInclude>
    <ClInclude Include="RotatorComponent.h">
      <Filter>Source Files\Components</Filter>
    </ClInclude>
    <ClInclude Include="PickUpComponent.h">
      <Filter>Source Files\Components</Filter>
    </ClInclude>
    <ClInclude Include="Components.h">
      <Filter>Source Files\Components</Filter>
    </ClInclude>
    <ClInclude Include="TrashTheCacheGameObjectsComponent.h">
      <Filter>Source Files\Components</Filter>
    </ClInclude>
    <ClInclude Include="TrashTheCacheIntComponent.h">
      <Filter>Source Files\Components</Filter>
    </ClInclude>
    <ClInclude Include="MovementCommands.h">
      <Filter>Source Files\Commands</Filter>
    </ClInclude>
    <ClInclude Include="Commands.h">
      <Filter>Source Files\Commands</Filter>
    </ClInclude>
    <ClInclude Include="LoadSceneCommand.h">
      <Filter>Source Files\Commands</Filter>
    </ClInclude>
    <ClInclude Include="ButtonComponent.h">
      <Filter>Source Files\Components</Filter>
    </ClInclude>
    <ClInclude Include="SelectButtonCommand.h">
      <Filter>Source Files\Commands</Filter>
    </ClInclude>
    <ClInclude Include="ButtonHandlerComponent.h">
      <Filter>Source Files\Components</Filter>
    </ClInclude>
    <ClInclude Include="ActivateButtonCommand.h">
      <Filter>Source Files\Commands</Filter>
    </ClInclude>
    <ClInclude Include="SetTextCommand.h">
      <Filter>Source Files\Commands</Filter>
    </ClInclude>
    <ClInclude Include="WallCheckingComponent.h">
      <Filter>Source Files\Components</Filter>
    </ClInclude>
    <ClInclude Include="FloorCheckingComponent.h">
      <Filter>Source Files\Components</Filter>
    </ClInclude>
    <ClInclude Include="PlayerComponent.h">
      <Filter>Source Files\Components</Filter>
    </ClInclude>
    <ClInclude Include="AttackCommand.h">
      <Filter>Source Files\Commands</Filter>
    </ClInclude>
    <ClInclude Include="SpriteComponent.h">
      <Filter>Source Files\Components</Filter>
    </ClInclude>
    <ClInclude Include="FallingState.h">
      <Filter>Source Files\States\PlayerState</Filter>
    </ClInclude>
    <ClInclude Include="HitState.h">
      <Filter>Source Files\States\PlayerState</Filter>
    </ClInclude>
    <ClInclude Include="IdleState.h">
      <Filter>Source Files\States\PlayerState</Filter>
    </ClInclude>
    <ClInclude Include="JumpingState.h">
      <Filter>Source Files\States\PlayerState</Filter>
    </ClInclude>
    <ClInclude Include="PlayerState.h">
      <Filter>Source Files\States\PlayerState</Filter>
    </ClInclude>
    <ClInclude Include="WalkingState.h">
      <Filter>Source Files\States\PlayerState</Filter>
    </ClInclude>
    <ClInclude Include="States.h">
      <Filter>Source Files\States</Filter>
    </ClInclude>
    <ClInclude Include="MaitaRunState.h">
      <Filter>Source Files\States\EnemyState\MaitaStates</Filter>
    </ClInclude>
    <ClInclude Include="MaitaState.h">
      <Filter>Source Files\States\EnemyState\MaitaStates</Filter>
    </ClInclude>
    <ClInclude Include="ZenChanRunState.h">
      <Filter>Source Files\States\EnemyState\ZenChanStates</Filter>
    </ClInclude>
    <ClInclude Include="ZenChanState.h">
      <Filter>Source Files\States\EnemyState\ZenChanStates</Filter>
    </ClInclude>
    <ClInclude Include="ZenChanFallingState.h">
      <Filter>Source Files\States\EnemyState\ZenChanStates</Filter>
    </ClInclude>
    <ClInclude Include="ZenChanJumpState.h">
      <Filter>Source Files\States\EnemyState\ZenChanStates</Filter>
    </ClInclude>
    <ClInclude Include="BubbleComponent.h">
      <Filter>Source Files\Components</Filter>
    </ClInclude>
    <ClInclude Include="MovementComponent.h">
      <Filter>Source Files\Components</Filter>
    </ClInclude>
    <ClInclude Include="Spawners.h">
      <Filter>Source Files</Filter>
    </ClInclude>
    <ClInclude Include="CollisionTags.h">
      <Filter>Source Files</Filter>
    </ClInclude>
    <ClInclude Include="ZenChanCaughtState.h">
      <Filter>Source Files\States\EnemyState\ZenChanStates</Filter>
    </ClInclude>
    <ClInclude Include="ZenChanPoppedState.h">
      <Filter>Source Files\States\EnemyState\ZenChanStates</Filter>
    </ClInclude>
    <ClInclude Include="MaitaJumpState.h">
      <Filter>Source Files\States\EnemyState\MaitaStates</Filter>
    </ClInclude>
    <ClInclude Include="MaitaFallingState.h">
      <Filter>Source Files\States\EnemyState\MaitaStates</Filter>
    </ClInclude>
    <ClInclude Include="MaitaCaughtState.h">
      <Filter>Source Files\States\EnemyState\MaitaStates</Filter>
    </ClInclude>
    <ClInclude Include="MaitaPoppedState.h">
      <Filter>Source Files\States\EnemyState\MaitaStates</Filter>
    </ClInclude>
    <ClInclude Include="MaitaAttackState.h">
      <Filter>Source Files\States\EnemyState\MaitaStates</Filter>
    </ClInclude>
    <ClInclude Include="ProjectileComponent.h">
      <Filter>Source Files\Components</Filter>
    </ClInclude>
    <ClInclude Include="SceneState.h">
      <Filter>Source Files\States\SceneState</Filter>
    </ClInclude>
    <ClInclude Include="TitleScreenState.h">
      <Filter>Source Files\States\SceneState</Filter>
    </ClInclude>
    <ClInclude Include="MainMenuState.h">
      <Filter>Source Files\States\SceneState</Filter>
    </ClInclude>
    <ClInclude Include="LevelState.h">
      <Filter>Source Files\States\SceneState</Filter>
    </ClInclude>
    <ClInclude Include="NextLevelCommand.h">
      <Filter>Source Files\Commands</Filter>
    </ClInclude>
    <ClInclude Include="EnemyComponent.h">
      <Filter>Source Files\Components</Filter>
    </ClInclude>
    <ClInclude Include="EnemyState.h">
      <Filter>Source Files\States\EnemyState</Filter>
    </ClInclude>
    <ClInclude Include="EnemyCounterComponent.h">
      <Filter>Source Files\Components</Filter>
    </ClInclude>
    <ClInclude Include="ScoreComponent.h">
      <Filter>Source Files\Components</Filter>
    </ClInclude>
    <ClInclude Include="InventoryComponent.h">
      <Filter>Source Files\Components</Filter>
    </ClInclude>
    <ClInclude Include="StartLevelCommand.h">
      <Filter>Source Files\Commands</Filter>
    </ClInclude>
    <ClInclude Include="ResultsState.h">
      <Filter>Source Files\States\SceneState</Filter>
    </ClInclude>
    <ClInclude Include="HighScoreState.h">
      <Filter>Source Files\States\SceneState</Filter>
    </ClInclude>
    <ClInclude Include="HighScoreHandling.h">
      <Filter>Source Files</Filter>
    </ClInclude>
    <ClInclude Include="InitialsComponent.h">
      <Filter>Source Files\Components</Filter>
    </ClInclude>
    <ClInclude Include="InitialsCommands.h">
      <Filter>Source Files\Commands</Filter>
    </ClInclude>
    <ClInclude Include="HighScoreUIComponent.h">
      <Filter>Source Files\Components</Filter>
    </ClInclude>
    <ClInclude Include="DeathScreenState.h">
      <Filter>Source Files\States\SceneState</Filter>
    </ClInclude>
    <ClInclude Include="PlayerCounterComponent.h">
      <Filter>Source Files\Components</Filter>
    </ClInclude>
    <ClInclude Include="PauseScreenState.h">
      <Filter>Source Files\States\SceneState</Filter>
    </ClInclude>
  </ItemGroup>
</Project>